{
  "version": 3,
  "targets": {
    "net7.0": {
      "NModbus4/2.1.0": {
        "type": "package",
        "compile": {
          "lib/net40/NModbus4.dll": {
            "related": ".xml"
          }
        },
        "runtime": {
          "lib/net40/NModbus4.dll": {
            "related": ".xml"
          }
        }
      }
    }
  },
  "libraries": {
    "NModbus4/2.1.0": {
      "sha512": "hGoxVFImyP2UC/vyaBjS3ZCLEqn3nqDWOfiePUfSTPpI4EhF4xUe6VnQ5W6m9oFK/6unKAaWQZh89WE+I31Spw==",
      "type": "package",
      "path": "nmodbus4/2.1.0",
      "files": [
        ".nupkg.metadata",
        ".signature.p7s",
        "NModbus4.pdb",
        "lib/net40/NModbus4.dll",
        "lib/net40/NModbus4.xml",
        "nmodbus4.2.1.0.nupkg.sha512",
        "nmodbus4.nuspec"
      ]
    }
  },
  "projectFileDependencyGroups": {
    "net7.0": [
      "NModbus4 >= 2.1.0"
    ]
  },
  "packageFolders": {
    "C:\\Users\\USER\\.nuget\\packages\\": {}
  },
  "project": {
    "version": "1.0.0",
    "restore": {
      "projectUniqueName": "C:\\Users\\USER\\Desktop\\esteira_cal\\AutomacaoProjeto.csproj",
      "projectName": "AutomacaoProjeto",
      "projectPath": "C:\\Users\\USER\\Desktop\\esteira_cal\\AutomacaoProjeto.csproj",
      "packagesPath": "C:\\Users\\USER\\.nuget\\packages\\",
      "outputPath": "C:\\Users\\USER\\Desktop\\esteira_cal\\obj\\",
      "projectStyle": "PackageReference",
      "configFilePaths": [
        "C:\\Users\\USER\\AppData\\Roaming\\NuGet\\NuGet.Config"
      ],
      "originalTargetFrameworks": [
        "net7.0"
      ],
      "sources": {
        "https://api.nuget.org/v3/index.json": {}
      },
      "frameworks": {
        "net7.0": {
          "targetAlias": "net7.0",
          "projectReferences": {}
        }
      },
      "warningProperties": {
        "warnAsError": [
          "NU1605"
        ]
      },
      "restoreAuditProperties": {
        "enableAudit": "true",
        "auditLevel": "low",
        "auditMode": "all"
      },
      "SdkAnalysisLevel": "9.0.100"
    },
    "frameworks": {
      "net7.0": {
        "targetAlias": "net7.0",
        "dependencies": {
          "NModbus4": {
            "target": "Package",
            "version": "[2.1.0, )"
          }
        },
        "imports": [
          "net461",
          "net462",
          "net47",
          "net471",
          "net472",
          "net48",
          "net481"
        ],
        "assetTargetFallback": true,
        "warn": true,
        "downloadDependencies": [
          {
            "name": "Microsoft.AspNetCore.App.Ref",
            "version": "[7.0.20, 7.0.20]"
          },
          {
            "name": "Microsoft.NETCore.App.Host.win-x64",
            "version": "[7.0.20, 7.0.20]"
          },
          {
            "name": "Microsoft.NETCore.App.Ref",
            "version": "[7.0.20, 7.0.20]"
          },
          {
            "name": "Microsoft.WindowsDesktop.App.Ref",
            "version": "[7.0.20, 7.0.20]"
          }
        ],
        "frameworkReferences": {
          "Microsoft.NETCore.App": {
            "privateAssets": "all"
          }
        },
        "runtimeIdentifierGraphPath": "C:\\Program Files\\dotnet\\sdk\\9.0.100\\RuntimeIdentifierGraph.json"
      }
    }
  },
  "logs": [
    {
      "code": "NU1701",
      "level": "Warning",
      "warningLevel": 1,
      "message": "O pacote 'NModbus4 2.1.0' foi restaurado usando '.NETFramework,Version=v4.6.1, .NETFramework,Version=v4.6.2, .NETFramework,Version=v4.7, .NETFramework,Version=v4.7.1, .NETFramework,Version=v4.7.2, .NETFramework,Version=v4.8, .NETFramework,Version=v4.8.1' em vez da estrutura de destino do projeto 'net7.0'. Esse pacote pode não ser totalmente compatível com o seu projeto.",
      "libraryId": "NModbus4",
      "targetGraphs": [
        "net7.0"
      ]
    }
  ]
}